
Microsoft Visual Studio Solution File, Format Version 12.00
# Visual Studio Version 16
VisualStudioVersion = 16.0.32602.291
MinimumVisualStudioVersion = 10.0.40219.1
Project("{FAE04EC0-301F-11D3-BF4B-00C04F79EFBC}") = "Encuestadiego", "Encuestadiego.csproj", "{60AC2821-E525-4398-AF51-A38F162A32C3}"
EndProject
Global
	GlobalSection(SolutionConfigurationPlatforms) = preSolution
		Debug|Any CPU = Debug|Any CPU
		Release|Any CPU = Release|Any CPU
	EndGlobalSection
	GlobalSection(ProjectConfigurationPlatforms) = postSolution
		{60AC2821-E525-4398-AF51-A38F162A32C3}.Debug|Any CPU.ActiveCfg = Debug|Any CPU
		{60AC2821-E525-4398-AF51-A38F162A32C3}.Debug|Any CPU.Build.0 = Debug|Any CPU
		{60AC2821-E525-4398-AF51-A38F162A32C3}.Release|Any CPU.ActiveCfg = Release|Any CPU
		{60AC2821-E525-4398-AF51-A38F162A32C3}.Release|Any CPU.Build.0 = Release|Any CPU
	EndGlobalSection
	GlobalSection(SolutionProperties) = preSolution
		HideSolutionNode = FALSE
	EndGlobalSection
	GlobalSection(ExtensibilityGlobals) = postSolution
		SolutionGuid = {3619058B-44BB-4AE9-A729-F4EF860B88B0}
	EndGlobalSection
EndGlobal
